{
  "name": "fetch-license-smoke",
  "version": "1.0.0",
  "lockfileVersion": 3,
  "requires": true,
  "packages": {
    "": {
      "name": "fetch-license-smoke",
      "version": "1.0.0",
      "license": "MIT",
      "dependencies": {
        "@scope/widget": "2.1.0",
        "left-pad": "1.3.0",
        "unlicensed-thing": "0.4.2"
      }
    },
    "node_modules/@scope/widget": {
      "version": "2.1.0",
      "resolved": "https://registry.npmjs.org/@scope/widget/-/widget-2.1.0.tgz",
      "integrity": "sha512-AAAAAAAAAAAAAAAAAAAAAAAAAAAAAAAAAAAAAAAAAAAAAAAAAAAAAAAAAAAAAAAAAAAAAAAAAAAAAAAAAAAAAAAAAAAAAAAAAA==",
      "dependencies": {
        "left-pad": "1.3.0"
      }
    },
    "node_modules/left-pad": {
      "version": "1.3.0",
      "resolved": "https://registry.npmjs.org/left-pad/-/left-pad-1.3.0.tgz",
      "integrity": "sha512-BBBBBBBBBBBBBBBBBBBBBBBBBBBBBBBBBBBBBBBBBBBBBBBBBBBBBBBBBBBBBBBBBBBBBBBBBBBBBBBBBBBBBBBBBBBBBBBBBB=="
    },
    "node_modules/unlicensed-thing": {
      "version": "0.4.2",
      "resolved": "https://registry.npmjs.org/unlicensed-thing/-/unlicensed-thing-0.4.2.tgz",
      "integrity": "sha512-CCCCCCCCCCCCCCCCCCCCCCCCCCCCCCCCCCCCCCCCCCCCCCCCCCCCCCCCCCCCCCCCCCCCCCCCCCCCCCCCCCCCCCCCCCCCCCCCCC=="
    }
  }
}
