{
  "lockfileVersion": 2,
  "configVersion": 1,
  "workspaces": {
    "": {
      "name": "cdxgen-bun-workspace-repro",
      "dependencies": {
        "@acme/backend": "workspace:*",
        "strip-ansi": "6.0.1",
        "util-pkg": "workspace:*",
      },
      "devDependencies": {
        "typescript": "^5.0.0",
      },
      "optionalDependencies": {
        "fsevents": "^2.3.3",
      },
    },
    "packages/backend": {
      "name": "@acme/backend",
      "version": "2.1.0",
      "dependencies": {
        "strip-ansi": "^7.1.0",
      },
      "devDependencies": {
        "chalk": "^0.5.1",
      },
    },
    "packages/util": {
      "name": "util-pkg",
      "version": "1.0.0",
      "dependencies": {
        "@acme/backend": "workspace:*",
        "emoji-regex": "^9.2.2",
      },
    },
  },
  "packages": {
    "@acme/backend": ["@acme/backend@workspace:packages/backend"],

    "ansi-regex": ["ansi-regex@5.0.1", "", {}, "sha512-quJQXlTSUGL2LH9SUXo8VwsY4soanhgo6LNSm84E1LBcE8s3O0wpdiRzyR9z/ZZJMlMWv37qOOb9pdJlMUEKFQ=="],

    "ansi-styles": ["ansi-styles@1.1.0", "", {}, "sha512-f2PKUkN5QngiSemowa6Mrk9MPCdtFiOSmibjZ+j1qhLGHHYsqZwmBMRF3IRMVXo8sybDqx2fJl2d/8OphBoWkA=="],

    "chalk": ["chalk@0.5.1", "", { "dependencies": { "ansi-styles": "^1.1.0", "escape-string-regexp": "^1.0.0", "has-ansi": "^0.1.0", "strip-ansi": "^0.3.0", "supports-color": "^0.2.0" } }, "sha512-bIKA54hP8iZhyDT81TOsJiQvR1gW+ZYSXFaZUAvoD4wCHdbHY2actmpTE4x344ZlFqHbvoxKOaESULTZN2gstg=="],

    "emoji-regex": ["emoji-regex@9.2.2", "", {}, "sha512-L18DaJsXSUk2+42pv8mLs5jJT2hqFkFE4j21wOmgbUqsZ2hL72NsUU785g9RXgo3s0ZNgVl42TiHp3ZtOv/Vyg=="],

    "escape-string-regexp": ["escape-string-regexp@1.0.5", "", {}, "sha512-vbRorB5FUQWvla16U8R/qgaFIya2qGzwDrNmCZuYKrbdSUMG6I1ZCGQRefkRVhuOkIGVne7BQ35DSfo1qvJqFg=="],

    "fsevents": ["fsevents@2.3.3", "", { "os": "darwin" }, "sha512-5xoDfX+fL7faATnagmWPpbFtwh/R77WmMMqqHGS65C3vvB0YHrgF+B1YmZ3441tMj5n63k0212XNoJwzlhffQw=="],

    "has-ansi": ["has-ansi@0.1.0", "", { "dependencies": { "ansi-regex": "^0.2.0" }, "bin": { "has-ansi": "cli.js" } }, "sha512-1YsTg1fk2/6JToQhtZkArMkurq8UoWU1Qe0aR3VUHjgij4nOylSWLWAtBXoZ4/dXOmugfLGm1c+QhuD0JyedFA=="],

    "strip-ansi": ["strip-ansi@6.0.1", "", { "dependencies": { "ansi-regex": "^5.0.1" } }, "sha512-Y38VPSHcqkFrCpFnQ9vuSXmquuv5oXOKpGeT6aGrr3o3Gc9AlVa6JBfUSOCnbxGGZF+/0ooI7KrPuUSztUdU5A=="],

    "supports-color": ["supports-color@0.2.0", "", { "bin": { "supports-color": "cli.js" } }, "sha512-tdCZ28MnM7k7cJDJc7Eq80A9CsRFAAOZUy41npOZCs++qSjfIy7o5Rh46CBk+Dk5FbKJ33X3Tqg4YrV07N5RaA=="],

    "typescript": ["typescript@5.9.3", "", { "bin": { "tsc": "bin/tsc", "tsserver": "bin/tsserver" } }, "sha512-jl1vZzPDinLr9eUt3J/t7V6FgNEw9QjvBPdysz9KfQDD41fQrC2Y4vKQdiaUpFT4bXlb1RHhLpp8wtm6M5TgSw=="],

    "util-pkg": ["util-pkg@workspace:packages/util"],

    "@acme/backend/strip-ansi": ["strip-ansi@7.2.0", "", { "dependencies": { "ansi-regex": "^6.2.2" } }, "sha512-yDPMNjp4WyfYBkHnjIRLfca1i6KMyGCtsVgoKe/z1+6vukgaENdgGBZt+ZmKPc4gavvEZ5OgHfHdrazhgNyG7w=="],

    "chalk/strip-ansi": ["strip-ansi@0.3.0", "", { "dependencies": { "ansi-regex": "^0.2.1" }, "bin": { "strip-ansi": "cli.js" } }, "sha512-DerhZL7j6i6/nEnVG0qViKXI0OKouvvpsAiaj7c+LfqZZZxdwZtv8+UiA/w4VUJpT8UzX0pR1dcHOii1GbmruQ=="],

    "has-ansi/ansi-regex": ["ansi-regex@0.2.1", "", {}, "sha512-sGwIGMjhYdW26/IhwK2gkWWI8DRCVO6uj3hYgHT+zD+QL1pa37tM3ujhyfcJIYSbsxp7Gxhy7zrRW/1AHm4BmA=="],

    "@acme/backend/strip-ansi/ansi-regex": ["ansi-regex@6.4.0", "", {}, "sha512-KzTVk2tCWAHtYrvvvaP8bJKJq2pVinhLcGEQdtLIYPbmNGNyYe8QwNaTUYQp2J7/vIsUKt5QCqAfUkYyG9DkOw=="],

    "chalk/strip-ansi/ansi-regex": ["ansi-regex@0.2.1", "", {}, "sha512-sGwIGMjhYdW26/IhwK2gkWWI8DRCVO6uj3hYgHT+zD+QL1pa37tM3ujhyfcJIYSbsxp7Gxhy7zrRW/1AHm4BmA=="],
  }
}
