# This file was autogenerated by Stack.
# You should not edit this file by hand.
# For more information, please see the documentation at:
#   https://docs.haskellstack.org/en/stable/topics/lock_files

packages:
- completed:
    hackage: acme-missiles-0.3@sha256:2ba66a092a32593880a87fb00f3213762d7bca65a687d45965778deb8694c5d1,613
    pantry-tree:
      sha256: 26377897f8c4bcd25f5dc0d0dbbdbdb9f18f0d3f2e02fe6a2ad8cc1bd0b4ba2f
      size: 226
  original:
    hackage: acme-missiles-0.3
- completed:
    commit: 4a97f1b0b3e21d9a5ba5f7a1a5e33bb4cd7d5a1e
    name: yesod-auth-oauth2
    pantry-tree:
      sha256: 5b9e8f3f5c3fa1ff19a1c15bb6b1d3f9cda98c1fa7a0d3a5d5b3ca31e0f9e5a7
      size: 1256
    subdir: yesod-auth-oauth2
    url: https://github.com/thoughtbot/yesod-auth-oauth2.git
    version: 0.6.3.0
  original:
    commit: 4a97f1b0b3e21d9a5ba5f7a1a5e33bb4cd7d5a1e
    git: https://github.com/thoughtbot/yesod-auth-oauth2.git
    subdir: yesod-auth-oauth2
snapshots:
- completed:
    sha256: f2b2d5d4d0b1c68a35f3d3a3e0a0a5b2ef0c2f2aa1ad9ad39d0cb5b84e33d1e2
    size: 649342
    url: https://raw.githubusercontent.com/commercialhaskell/stackage-snapshots/master/lts/22/28.yaml
  original: lts-22.28
