{
  "name": "container-app",
  "version": "1.2.3",
  "lockfileVersion": 3,
  "packages": {
    "node_modules/left-pad": {
      "version": "1.3.0",
      "resolved": "https://registry.npmjs.org/left-pad/-/left-pad-1.3.0.tgz",
      "integrity": "sha512-QIqJf7A1NVCjzCIdA1M6A+0ify9J50nDxzX7QgJ0006AAXMon0AhQI9bQ6tcG4IHHD5woAH+KUnLMaAz9x9A=="
    }
  },
  "dependencies": {
    "left-pad": {
      "version": "1.3.0",
      "resolved": "https://registry.npmjs.org/left-pad/-/left-pad-1.3.0.tgz",
      "integrity": "sha512-QIqJf7A1NVCjzCIdA1M6A+0ify9J50nDxzX7QgJ0006AAXMon0AhQI9bQ6tcG4IHHD5woAH+KUnLMaAz9x9A=="
    }
  }
}
